
Microsoft Visual Studio Solution File, Format Version 12.00
# Visual Studio Version 16
VisualStudioVersion = 16.0.30002.166
MinimumVisualStudioVersion = 10.0.40219.1
Project("{FAE04EC0-301F-11D3-BF4B-00C04F79EFBC}") = "LINQQueries", "LINQQueries\LINQQueries.csproj", "{E3DDE445-C6F5-438C-8838-1D86AE753FBD}"
EndProject
Global
	GlobalSection(SolutionConfigurationPlatforms) = preSolution
		Debug|Any CPU = Debug|Any CPU
		Release|Any CPU = Release|Any CPU
	EndGlobalSection
	GlobalSection(ProjectConfigurationPlatforms) = postSolution
		{E3DDE445-C6F5-438C-8838-1D86AE753FBD}.Debug|Any CPU.ActiveCfg = Debug|Any CPU
		{E3DDE445-C6F5-438C-8838-1D86AE753FBD}.Debug|Any CPU.Build.0 = Debug|Any CPU
		{E3DDE445-C6F5-438C-8838-1D86AE753FBD}.Release|Any CPU.ActiveCfg = Release|Any CPU
		{E3DDE445-C6F5-438C-8838-1D86AE753FBD}.Release|Any CPU.Build.0 = Release|Any CPU
	EndGlobalSection
	GlobalSection(SolutionProperties) = preSolution
		HideSolutionNode = FALSE
	EndGlobalSection
	GlobalSection(ExtensibilityGlobals) = postSolution
		SolutionGuid = {A799C2FD-8C9D-47F1-A228-26F919A8E9C8}
	EndGlobalSection
EndGlobal
